
Microsoft Visual Studio Solution File, Format Version 12.00
# Visual Studio Version 17
VisualStudioVersion = 17.12.35527.113
MinimumVisualStudioVersion = 10.0.40219.1
Project("{2150E333-8FDC-42A3-9474-1A3956D46DE8}") = "Bootstrapper", "Bootstrapper", "{0F3A6963-FA32-4AC9-AEE0-8ED87409F546}"
EndProject
Project("{2150E333-8FDC-42A3-9474-1A3956D46DE8}") = "Modules", "Modules", "{5FD700E5-9F5A-4C07-8BB1-4C4E43A90638}"
EndProject
Project("{2150E333-8FDC-42A3-9474-1A3956D46DE8}") = "Shared", "Shared", "{21D9EAD8-AEC9-45DC-B56A-8B32F30AD826}"
EndProject
Project("{FAE04EC0-301F-11D3-BF4B-00C04F79EFBC}") = "Api", "Bootstrapper\Api\Api.csproj", "{7CF2C903-1DA2-4E72-BD5E-61C6BC427429}"
EndProject
Project("{2150E333-8FDC-42A3-9474-1A3956D46DE8}") = "Basket", "Basket", "{FAF02E40-75C7-4046-9DB8-9E764B65810A}"
EndProject
Project("{2150E333-8FDC-42A3-9474-1A3956D46DE8}") = "Catalog", "Catalog", "{7E5975E7-CBFE-4075-8DAF-3FACEAF9C2BD}"
EndProject
Project("{2150E333-8FDC-42A3-9474-1A3956D46DE8}") = "Ordering", "Ordering", "{345553CD-5A11-40A6-A913-DF81C7A3DE07}"
EndProject
Project("{FAE04EC0-301F-11D3-BF4B-00C04F79EFBC}") = "Catalog", "Modules\Catalog\Catalog\Catalog.csproj", "{F9688B4A-7618-40A0-9AEF-8F643031C6E1}"
EndProject
Project("{FAE04EC0-301F-11D3-BF4B-00C04F79EFBC}") = "Basket", "Modules\Basket\Basket\Basket.csproj", "{D8CADAEB-7D44-4AD9-8FB2-7F25D7DCEECB}"
EndProject
Project("{FAE04EC0-301F-11D3-BF4B-00C04F79EFBC}") = "Ordering", "Modules\Ordering\Ordering\Ordering.csproj", "{6C807853-5983-4358-A5E2-756A80CED5FF}"
EndProject
Project("{FAE04EC0-301F-11D3-BF4B-00C04F79EFBC}") = "Shared", "Shared\Shared\Shared.csproj", "{948EC6EF-8F81-4D23-9D53-EB7329C670A7}"
EndProject
Project("{E53339B2-1760-4266-BCC7-CA923CBCF16C}") = "docker-compose", "docker-compose.dcproj", "{4E4576F3-3680-48F4-8421-2BF7704B5F7B}"
EndProject
Global
	GlobalSection(SolutionConfigurationPlatforms) = preSolution
		Debug|Any CPU = Debug|Any CPU
		Release|Any CPU = Release|Any CPU
	EndGlobalSection
	GlobalSection(ProjectConfigurationPlatforms) = postSolution
		{7CF2C903-1DA2-4E72-BD5E-61C6BC427429}.Debug|Any CPU.ActiveCfg = Debug|Any CPU
		{7CF2C903-1DA2-4E72-BD5E-61C6BC427429}.Debug|Any CPU.Build.0 = Debug|Any CPU
		{7CF2C903-1DA2-4E72-BD5E-61C6BC427429}.Release|Any CPU.ActiveCfg = Release|Any CPU
		{7CF2C903-1DA2-4E72-BD5E-61C6BC427429}.Release|Any CPU.Build.0 = Release|Any CPU
		{F9688B4A-7618-40A0-9AEF-8F643031C6E1}.Debug|Any CPU.ActiveCfg = Debug|Any CPU
		{F9688B4A-7618-40A0-9AEF-8F643031C6E1}.Debug|Any CPU.Build.0 = Debug|Any CPU
		{F9688B4A-7618-40A0-9AEF-8F643031C6E1}.Release|Any CPU.ActiveCfg = Release|Any CPU
		{F9688B4A-7618-40A0-9AEF-8F643031C6E1}.Release|Any CPU.Build.0 = Release|Any CPU
		{D8CADAEB-7D44-4AD9-8FB2-7F25D7DCEECB}.Debug|Any CPU.ActiveCfg = Debug|Any CPU
		{D8CADAEB-7D44-4AD9-8FB2-7F25D7DCEECB}.Debug|Any CPU.Build.0 = Debug|Any CPU
		{D8CADAEB-7D44-4AD9-8FB2-7F25D7DCEECB}.Release|Any CPU.ActiveCfg = Release|Any CPU
		{D8CADAEB-7D44-4AD9-8FB2-7F25D7DCEECB}.Release|Any CPU.Build.0 = Release|Any CPU
		{6C807853-5983-4358-A5E2-756A80CED5FF}.Debug|Any CPU.ActiveCfg = Debug|Any CPU
		{6C807853-5983-4358-A5E2-756A80CED5FF}.Debug|Any CPU.Build.0 = Debug|Any CPU
		{6C807853-5983-4358-A5E2-756A80CED5FF}.Release|Any CPU.ActiveCfg = Release|Any CPU
		{6C807853-5983-4358-A5E2-756A80CED5FF}.Release|Any CPU.Build.0 = Release|Any CPU
		{948EC6EF-8F81-4D23-9D53-EB7329C670A7}.Debug|Any CPU.ActiveCfg = Debug|Any CPU
		{948EC6EF-8F81-4D23-9D53-EB7329C670A7}.Debug|Any CPU.Build.0 = Debug|Any CPU
		{948EC6EF-8F81-4D23-9D53-EB7329C670A7}.Release|Any CPU.ActiveCfg = Release|Any CPU
		{948EC6EF-8F81-4D23-9D53-EB7329C670A7}.Release|Any CPU.Build.0 = Release|Any CPU
		{4E4576F3-3680-48F4-8421-2BF7704B5F7B}.Debug|Any CPU.ActiveCfg = Debug|Any CPU
		{4E4576F3-3680-48F4-8421-2BF7704B5F7B}.Debug|Any CPU.Build.0 = Debug|Any CPU
		{4E4576F3-3680-48F4-8421-2BF7704B5F7B}.Release|Any CPU.ActiveCfg = Release|Any CPU
		{4E4576F3-3680-48F4-8421-2BF7704B5F7B}.Release|Any CPU.Build.0 = Release|Any CPU
	EndGlobalSection
	GlobalSection(SolutionProperties) = preSolution
		HideSolutionNode = FALSE
	EndGlobalSection
	GlobalSection(NestedProjects) = preSolution
		{7CF2C903-1DA2-4E72-BD5E-61C6BC427429} = {0F3A6963-FA32-4AC9-AEE0-8ED87409F546}
		{FAF02E40-75C7-4046-9DB8-9E764B65810A} = {5FD700E5-9F5A-4C07-8BB1-4C4E43A90638}
		{7E5975E7-CBFE-4075-8DAF-3FACEAF9C2BD} = {5FD700E5-9F5A-4C07-8BB1-4C4E43A90638}
		{345553CD-5A11-40A6-A913-DF81C7A3DE07} = {5FD700E5-9F5A-4C07-8BB1-4C4E43A90638}
		{F9688B4A-7618-40A0-9AEF-8F643031C6E1} = {7E5975E7-CBFE-4075-8DAF-3FACEAF9C2BD}
		{D8CADAEB-7D44-4AD9-8FB2-7F25D7DCEECB} = {FAF02E40-75C7-4046-9DB8-9E764B65810A}
		{6C807853-5983-4358-A5E2-756A80CED5FF} = {345553CD-5A11-40A6-A913-DF81C7A3DE07}
		{948EC6EF-8F81-4D23-9D53-EB7329C670A7} = {21D9EAD8-AEC9-45DC-B56A-8B32F30AD826}
	EndGlobalSection
EndGlobal
